
Microsoft Visual Studio Solution File, Format Version 12.00
# Visual Studio Version 17
VisualStudioVersion = 17.3.32929.385
MinimumVisualStudioVersion = 10.0.40219.1
Project("{FAE04EC0-301F-11D3-BF4B-00C04F79EFBC}") = "StackOverflow", "StackOverflow\StackOverflow.csproj", "{D07F6868-9336-40A3-B1B9-AA6BEB470DC9}"
EndProject
Global
	GlobalSection(SolutionConfigurationPlatforms) = preSolution
		Debug|Any CPU = Debug|Any CPU
		Release|Any CPU = Release|Any CPU
	EndGlobalSection
	GlobalSection(ProjectConfigurationPlatforms) = postSolution
		{D07F6868-9336-40A3-B1B9-AA6BEB470DC9}.Debug|Any CPU.ActiveCfg = Debug|Any CPU
		{D07F6868-9336-40A3-B1B9-AA6BEB470DC9}.Debug|Any CPU.Build.0 = Debug|Any CPU
		{D07F6868-9336-40A3-B1B9-AA6BEB470DC9}.Release|Any CPU.ActiveCfg = Release|Any CPU
		{D07F6868-9336-40A3-B1B9-AA6BEB470DC9}.Release|Any CPU.Build.0 = Release|Any CPU
	EndGlobalSection
	GlobalSection(SolutionProperties) = preSolution
		HideSolutionNode = FALSE
	EndGlobalSection
	GlobalSection(ExtensibilityGlobals) = postSolution
		SolutionGuid = {D29F0E6C-13A7-4F6C-BDE1-890742B43A53}
	EndGlobalSection
EndGlobal
